
Microsoft Visual Studio Solution File, Format Version 12.00
# Visual Studio Version 16
VisualStudioVersion = 16.0.30204.135
MinimumVisualStudioVersion = 10.0.40219.1
Project("{FAE04EC0-301F-11D3-BF4B-00C04F79EFBC}") = "WinFormsApp1", "WinFormsApp1.csproj", "{E3EF9FBA-615A-4A3A-8A26-2FC88798B935}"
EndProject
Project("{FAE04EC0-301F-11D3-BF4B-00C04F79EFBC}") = "ClockApp", "..\ClockApp\ClockApp.csproj", "{45546CDC-F055-403E-8C1C-A7E831E33292}"
EndProject
Project("{FAE04EC0-301F-11D3-BF4B-00C04F79EFBC}") = "ButtonTestApp", "..\ButtonTestApp\ButtonTestApp.csproj", "{424B7607-66AB-4D4D-8FC8-E0A0E9267DA9}"
EndProject
Project("{FAE04EC0-301F-11D3-BF4B-00C04F79EFBC}") = "CheckBoxTestApp", "..\CheckBoxTestApp\CheckBoxTestApp.csproj", "{BFF39E0E-BF5F-4BB0-A94A-9BF56E9C2033}"
EndProject
Project("{FAE04EC0-301F-11D3-BF4B-00C04F79EFBC}") = "RadioButtonTestApp", "..\RadioButtonTestApp\RadioButtonTestApp.csproj", "{A198B9B0-08EC-435E-AAB4-98B43CA49F1F}"
EndProject
Project("{FAE04EC0-301F-11D3-BF4B-00C04F79EFBC}") = "LoginApp", "..\LoginApp\LoginApp.csproj", "{627FD052-1AB2-4AEA-8B71-EF7C5377A5CC}"
EndProject
Project("{FAE04EC0-301F-11D3-BF4B-00C04F79EFBC}") = "ListControlTestApp", "..\ListControlTestApp\ListControlTestApp.csproj", "{3A739C47-696D-42B2-9A87-4D41A2D9748E}"
EndProject
Project("{FAE04EC0-301F-11D3-BF4B-00C04F79EFBC}") = "CheckListBoxApp", "..\CheckListBoxApp\CheckListBoxApp.csproj", "{485A9AFB-3670-465B-9CDF-44DCD62BD6A0}"
EndProject
Project("{FAE04EC0-301F-11D3-BF4B-00C04F79EFBC}") = "ModalDlgApp", "..\ModalDlgApp\ModalDlgApp.csproj", "{D86E2898-5D65-4D27-9B96-A6ABC85A86F9}"
EndProject
Project("{FAE04EC0-301F-11D3-BF4B-00C04F79EFBC}") = "OpenFileDlgApp", "..\OpenFileDlgApp\OpenFileDlgApp.csproj", "{1B580E15-089A-4DBE-8B2D-534DF89E5131}"
EndProject
Project("{FAE04EC0-301F-11D3-BF4B-00C04F79EFBC}") = "MainMenuApp", "..\MainMenuApp\MainMenuApp.csproj", "{9D810587-43FC-462B-9694-DBD19D5540BA}"
EndProject
Global
	GlobalSection(SolutionConfigurationPlatforms) = preSolution
		Debug|Any CPU = Debug|Any CPU
		Release|Any CPU = Release|Any CPU
	EndGlobalSection
	GlobalSection(ProjectConfigurationPlatforms) = postSolution
		{E3EF9FBA-615A-4A3A-8A26-2FC88798B935}.Debug|Any CPU.ActiveCfg = Debug|Any CPU
		{E3EF9FBA-615A-4A3A-8A26-2FC88798B935}.Debug|Any CPU.Build.0 = Debug|Any CPU
		{E3EF9FBA-615A-4A3A-8A26-2FC88798B935}.Release|Any CPU.ActiveCfg = Release|Any CPU
		{E3EF9FBA-615A-4A3A-8A26-2FC88798B935}.Release|Any CPU.Build.0 = Release|Any CPU
		{45546CDC-F055-403E-8C1C-A7E831E33292}.Debug|Any CPU.ActiveCfg = Debug|Any CPU
		{45546CDC-F055-403E-8C1C-A7E831E33292}.Debug|Any CPU.Build.0 = Debug|Any CPU
		{45546CDC-F055-403E-8C1C-A7E831E33292}.Release|Any CPU.ActiveCfg = Release|Any CPU
		{45546CDC-F055-403E-8C1C-A7E831E33292}.Release|Any CPU.Build.0 = Release|Any CPU
		{424B7607-66AB-4D4D-8FC8-E0A0E9267DA9}.Debug|Any CPU.ActiveCfg = Debug|Any CPU
		{424B7607-66AB-4D4D-8FC8-E0A0E9267DA9}.Debug|Any CPU.Build.0 = Debug|Any CPU
		{424B7607-66AB-4D4D-8FC8-E0A0E9267DA9}.Release|Any CPU.ActiveCfg = Release|Any CPU
		{424B7607-66AB-4D4D-8FC8-E0A0E9267DA9}.Release|Any CPU.Build.0 = Release|Any CPU
		{BFF39E0E-BF5F-4BB0-A94A-9BF56E9C2033}.Debug|Any CPU.ActiveCfg = Debug|Any CPU
		{BFF39E0E-BF5F-4BB0-A94A-9BF56E9C2033}.Debug|Any CPU.Build.0 = Debug|Any CPU
		{BFF39E0E-BF5F-4BB0-A94A-9BF56E9C2033}.Release|Any CPU.ActiveCfg = Release|Any CPU
		{BFF39E0E-BF5F-4BB0-A94A-9BF56E9C2033}.Release|Any CPU.Build.0 = Release|Any CPU
		{A198B9B0-08EC-435E-AAB4-98B43CA49F1F}.Debug|Any CPU.ActiveCfg = Debug|Any CPU
		{A198B9B0-08EC-435E-AAB4-98B43CA49F1F}.Debug|Any CPU.Build.0 = Debug|Any CPU
		{A198B9B0-08EC-435E-AAB4-98B43CA49F1F}.Release|Any CPU.ActiveCfg = Release|Any CPU
		{A198B9B0-08EC-435E-AAB4-98B43CA49F1F}.Release|Any CPU.Build.0 = Release|Any CPU
		{627FD052-1AB2-4AEA-8B71-EF7C5377A5CC}.Debug|Any CPU.ActiveCfg = Debug|Any CPU
		{627FD052-1AB2-4AEA-8B71-EF7C5377A5CC}.Debug|Any CPU.Build.0 = Debug|Any CPU
		{627FD052-1AB2-4AEA-8B71-EF7C5377A5CC}.Release|Any CPU.ActiveCfg = Release|Any CPU
		{627FD052-1AB2-4AEA-8B71-EF7C5377A5CC}.Release|Any CPU.Build.0 = Release|Any CPU
		{3A739C47-696D-42B2-9A87-4D41A2D9748E}.Debug|Any CPU.ActiveCfg = Debug|Any CPU
		{3A739C47-696D-42B2-9A87-4D41A2D9748E}.Debug|Any CPU.Build.0 = Debug|Any CPU
		{3A739C47-696D-42B2-9A87-4D41A2D9748E}.Release|Any CPU.ActiveCfg = Release|Any CPU
		{3A739C47-696D-42B2-9A87-4D41A2D9748E}.Release|Any CPU.Build.0 = Release|Any CPU
		{485A9AFB-3670-465B-9CDF-44DCD62BD6A0}.Debug|Any CPU.ActiveCfg = Debug|Any CPU
		{485A9AFB-3670-465B-9CDF-44DCD62BD6A0}.Debug|Any CPU.Build.0 = Debug|Any CPU
		{485A9AFB-3670-465B-9CDF-44DCD62BD6A0}.Release|Any CPU.ActiveCfg = Release|Any CPU
		{485A9AFB-3670-465B-9CDF-44DCD62BD6A0}.Release|Any CPU.Build.0 = Release|Any CPU
		{D86E2898-5D65-4D27-9B96-A6ABC85A86F9}.Debug|Any CPU.ActiveCfg = Debug|Any CPU
		{D86E2898-5D65-4D27-9B96-A6ABC85A86F9}.Debug|Any CPU.Build.0 = Debug|Any CPU
		{D86E2898-5D65-4D27-9B96-A6ABC85A86F9}.Release|Any CPU.ActiveCfg = Release|Any CPU
		{D86E2898-5D65-4D27-9B96-A6ABC85A86F9}.Release|Any CPU.Build.0 = Release|Any CPU
		{1B580E15-089A-4DBE-8B2D-534DF89E5131}.Debug|Any CPU.ActiveCfg = Debug|Any CPU
		{1B580E15-089A-4DBE-8B2D-534DF89E5131}.Debug|Any CPU.Build.0 = Debug|Any CPU
		{1B580E15-089A-4DBE-8B2D-534DF89E5131}.Release|Any CPU.ActiveCfg = Release|Any CPU
		{1B580E15-089A-4DBE-8B2D-534DF89E5131}.Release|Any CPU.Build.0 = Release|Any CPU
		{9D810587-43FC-462B-9694-DBD19D5540BA}.Debug|Any CPU.ActiveCfg = Debug|Any CPU
		{9D810587-43FC-462B-9694-DBD19D5540BA}.Debug|Any CPU.Build.0 = Debug|Any CPU
		{9D810587-43FC-462B-9694-DBD19D5540BA}.Release|Any CPU.ActiveCfg = Release|Any CPU
		{9D810587-43FC-462B-9694-DBD19D5540BA}.Release|Any CPU.Build.0 = Release|Any CPU
	EndGlobalSection
	GlobalSection(SolutionProperties) = preSolution
		HideSolutionNode = FALSE
	EndGlobalSection
	GlobalSection(ExtensibilityGlobals) = postSolution
		SolutionGuid = {C7874FB9-F082-4CBD-8E5A-1102F85B7EA8}
	EndGlobalSection
EndGlobal
