
Microsoft Visual Studio Solution File, Format Version 12.00
# Visual Studio Version 16
VisualStudioVersion = 16.0.30204.135
MinimumVisualStudioVersion = 10.0.40219.1
Project("{FAE04EC0-301F-11D3-BF4B-00C04F79EFBC}") = "WpfApp1", "WpfApp1.csproj", "{C49EB90E-79E1-49BC-AEB0-3F67E07E80D2}"
EndProject
Project("{FAE04EC0-301F-11D3-BF4B-00C04F79EFBC}") = "WpfControlApp", "..\WpfControlApp\WpfControlApp.csproj", "{279290A6-8BE1-41C3-B471-B9EB29368101}"
EndProject
Global
	GlobalSection(SolutionConfigurationPlatforms) = preSolution
		Debug|Any CPU = Debug|Any CPU
		Release|Any CPU = Release|Any CPU
	EndGlobalSection
	GlobalSection(ProjectConfigurationPlatforms) = postSolution
		{C49EB90E-79E1-49BC-AEB0-3F67E07E80D2}.Debug|Any CPU.ActiveCfg = Debug|Any CPU
		{C49EB90E-79E1-49BC-AEB0-3F67E07E80D2}.Debug|Any CPU.Build.0 = Debug|Any CPU
		{C49EB90E-79E1-49BC-AEB0-3F67E07E80D2}.Release|Any CPU.ActiveCfg = Release|Any CPU
		{C49EB90E-79E1-49BC-AEB0-3F67E07E80D2}.Release|Any CPU.Build.0 = Release|Any CPU
		{279290A6-8BE1-41C3-B471-B9EB29368101}.Debug|Any CPU.ActiveCfg = Debug|Any CPU
		{279290A6-8BE1-41C3-B471-B9EB29368101}.Debug|Any CPU.Build.0 = Debug|Any CPU
		{279290A6-8BE1-41C3-B471-B9EB29368101}.Release|Any CPU.ActiveCfg = Release|Any CPU
		{279290A6-8BE1-41C3-B471-B9EB29368101}.Release|Any CPU.Build.0 = Release|Any CPU
	EndGlobalSection
	GlobalSection(SolutionProperties) = preSolution
		HideSolutionNode = FALSE
	EndGlobalSection
	GlobalSection(ExtensibilityGlobals) = postSolution
		SolutionGuid = {63A9F062-B58B-448E-9874-D248514F7981}
	EndGlobalSection
EndGlobal
